
Microsoft Visual Studio Solution File, Format Version 11.00
# Visual C# Express 2010
Project("{FAE04EC0-301F-11D3-BF4B-00C04F79EFBC}") = "SmileyTowerDefense", "SmileyTowerDefense\SmileyTowerDefense\SmileyTowerDefense.csproj", "{B2422937-507C-4BC7-B607-C9D2C4488A3E}"
EndProject
Project("{FAE04EC0-301F-11D3-BF4B-00C04F79EFBC}") = "SmileyTowerDefenseContent", "SmileyTowerDefense\SmileyTowerDefenseContent\SmileyTowerDefenseContent.contentproj", "{CA62987B-C053-414C-AF51-1BB32C0E0FF6}"
EndProject
Global
	GlobalSection(SolutionConfigurationPlatforms) = preSolution
		Debug|x86 = Debug|x86
		Release|x86 = Release|x86
	EndGlobalSection
	GlobalSection(ProjectConfigurationPlatforms) = postSolution
		{B2422937-507C-4BC7-B607-C9D2C4488A3E}.Debug|x86.ActiveCfg = Debug|x86
		{B2422937-507C-4BC7-B607-C9D2C4488A3E}.Debug|x86.Build.0 = Debug|x86
		{B2422937-507C-4BC7-B607-C9D2C4488A3E}.Release|x86.ActiveCfg = Release|x86
		{B2422937-507C-4BC7-B607-C9D2C4488A3E}.Release|x86.Build.0 = Release|x86
		{CA62987B-C053-414C-AF51-1BB32C0E0FF6}.Debug|x86.ActiveCfg = Debug|x86
		{CA62987B-C053-414C-AF51-1BB32C0E0FF6}.Release|x86.ActiveCfg = Release|x86
	EndGlobalSection
	GlobalSection(SolutionProperties) = preSolution
		HideSolutionNode = FALSE
	EndGlobalSection
EndGlobal
